
Microsoft Visual Studio Solution File, Format Version 12.00
# Visual Studio 14
VisualStudioVersion = 14.0.24720.0
MinimumVisualStudioVersion = 10.0.40219.1
Project("{FAE04EC0-301F-11D3-BF4B-00C04F79EFBC}") = "Project_Stereometry", "Project_Stereometry\Project_Stereometry.csproj", "{C158089B-4EE0-4EAF-94F6-9ECDBD9159DD}"
EndProject
Project("{6141683F-8A12-4E36-9623-2EB02B2C2303}") = "Setup2", "Setup2\Setup2.isproj", "{A5E70EE1-439E-40AE-ACFA-C4220765B22C}"
EndProject
Global
	GlobalSection(SolutionConfigurationPlatforms) = preSolution
		CD_ROM|Any CPU = CD_ROM|Any CPU
		Debug|Any CPU = Debug|Any CPU
		DVD-5|Any CPU = DVD-5|Any CPU
		Release|Any CPU = Release|Any CPU
		SingleImage|Any CPU = SingleImage|Any CPU
	EndGlobalSection
	GlobalSection(ProjectConfigurationPlatforms) = postSolution
		{C158089B-4EE0-4EAF-94F6-9ECDBD9159DD}.CD_ROM|Any CPU.ActiveCfg = Release|Any CPU
		{C158089B-4EE0-4EAF-94F6-9ECDBD9159DD}.CD_ROM|Any CPU.Build.0 = Release|Any CPU
		{C158089B-4EE0-4EAF-94F6-9ECDBD9159DD}.Debug|Any CPU.ActiveCfg = Debug|Any CPU
		{C158089B-4EE0-4EAF-94F6-9ECDBD9159DD}.Debug|Any CPU.Build.0 = Debug|Any CPU
		{C158089B-4EE0-4EAF-94F6-9ECDBD9159DD}.DVD-5|Any CPU.ActiveCfg = Debug|Any CPU
		{C158089B-4EE0-4EAF-94F6-9ECDBD9159DD}.DVD-5|Any CPU.Build.0 = Debug|Any CPU
		{C158089B-4EE0-4EAF-94F6-9ECDBD9159DD}.Release|Any CPU.ActiveCfg = Release|Any CPU
		{C158089B-4EE0-4EAF-94F6-9ECDBD9159DD}.Release|Any CPU.Build.0 = Release|Any CPU
		{C158089B-4EE0-4EAF-94F6-9ECDBD9159DD}.SingleImage|Any CPU.ActiveCfg = Release|Any CPU
		{C158089B-4EE0-4EAF-94F6-9ECDBD9159DD}.SingleImage|Any CPU.Build.0 = Release|Any CPU
		{A5E70EE1-439E-40AE-ACFA-C4220765B22C}.CD_ROM|Any CPU.ActiveCfg = CD_ROM
		{A5E70EE1-439E-40AE-ACFA-C4220765B22C}.CD_ROM|Any CPU.Build.0 = CD_ROM
		{A5E70EE1-439E-40AE-ACFA-C4220765B22C}.Debug|Any CPU.ActiveCfg = DVD-5
		{A5E70EE1-439E-40AE-ACFA-C4220765B22C}.Debug|Any CPU.Build.0 = DVD-5
		{A5E70EE1-439E-40AE-ACFA-C4220765B22C}.DVD-5|Any CPU.ActiveCfg = DVD-5
		{A5E70EE1-439E-40AE-ACFA-C4220765B22C}.DVD-5|Any CPU.Build.0 = DVD-5
		{A5E70EE1-439E-40AE-ACFA-C4220765B22C}.Release|Any CPU.ActiveCfg = SingleImage
		{A5E70EE1-439E-40AE-ACFA-C4220765B22C}.Release|Any CPU.Build.0 = SingleImage
		{A5E70EE1-439E-40AE-ACFA-C4220765B22C}.SingleImage|Any CPU.ActiveCfg = SingleImage
		{A5E70EE1-439E-40AE-ACFA-C4220765B22C}.SingleImage|Any CPU.Build.0 = SingleImage
	EndGlobalSection
	GlobalSection(SolutionProperties) = preSolution
		HideSolutionNode = FALSE
	EndGlobalSection
EndGlobal
